{
  "name": "moodline",
  "version": "0.3.25",
  "lockfileVersion": 3,
  "requires": true,
  "packages": {
    "": {
      "name": "moodline",
      "version": "0.3.25",
      "license": "MIT",
      "bin": {
        "moodline": "bin/moodline.js"
      },
      "engines": {
        "node": ">=18"
      }
    }
  }
}
